
Microsoft Visual Studio Solution File, Format Version 12.00
# Visual Studio Version 17
VisualStudioVersion = 17.2.32630.192
MinimumVisualStudioVersion = 10.0.40219.1
Project("{FAE04EC0-301F-11D3-BF4B-00C04F79EFBC}") = "TestingPractice", "TestingPractice\TestingPractice.csproj", "{45A0EAEE-0A01-4957-8C97-579C1911A453}"
EndProject
Global
	GlobalSection(SolutionConfigurationPlatforms) = preSolution
		Debug|Any CPU = Debug|Any CPU
		Release|Any CPU = Release|Any CPU
	EndGlobalSection
	GlobalSection(ProjectConfigurationPlatforms) = postSolution
		{45A0EAEE-0A01-4957-8C97-579C1911A453}.Debug|Any CPU.ActiveCfg = Debug|Any CPU
		{45A0EAEE-0A01-4957-8C97-579C1911A453}.Debug|Any CPU.Build.0 = Debug|Any CPU
		{45A0EAEE-0A01-4957-8C97-579C1911A453}.Release|Any CPU.ActiveCfg = Release|Any CPU
		{45A0EAEE-0A01-4957-8C97-579C1911A453}.Release|Any CPU.Build.0 = Release|Any CPU
	EndGlobalSection
	GlobalSection(SolutionProperties) = preSolution
		HideSolutionNode = FALSE
	EndGlobalSection
	GlobalSection(ExtensibilityGlobals) = postSolution
		SolutionGuid = {F03E32DC-9C94-4374-881B-529ED4A0A5E6}
	EndGlobalSection
EndGlobal
